
Microsoft Visual Studio Solution File, Format Version 12.00
# Visual Studio 15
VisualStudioVersion = 15.0.26730.10
MinimumVisualStudioVersion = 10.0.40219.1
Project("{FAE04EC0-301F-11D3-BF4B-00C04F79EFBC}") = "File Structures", "File Structures.csproj", "{5A105DC5-EA99-4DB4-8C81-391DB88FD35A}"
EndProject
Global
	GlobalSection(SolutionConfigurationPlatforms) = preSolution
		Debug|Any CPU = Debug|Any CPU
		Release|Any CPU = Release|Any CPU
	EndGlobalSection
	GlobalSection(ProjectConfigurationPlatforms) = postSolution
		{5A105DC5-EA99-4DB4-8C81-391DB88FD35A}.Debug|Any CPU.ActiveCfg = Debug|Any CPU
		{5A105DC5-EA99-4DB4-8C81-391DB88FD35A}.Debug|Any CPU.Build.0 = Debug|Any CPU
		{5A105DC5-EA99-4DB4-8C81-391DB88FD35A}.Release|Any CPU.ActiveCfg = Release|Any CPU
		{5A105DC5-EA99-4DB4-8C81-391DB88FD35A}.Release|Any CPU.Build.0 = Release|Any CPU
	EndGlobalSection
	GlobalSection(SolutionProperties) = preSolution
		HideSolutionNode = FALSE
	EndGlobalSection
	GlobalSection(ExtensibilityGlobals) = postSolution
		SolutionGuid = {92CE4F48-DAB5-4820-942E-010A2B85509D}
	EndGlobalSection
EndGlobal
